Microsoft Visual Studio Solution File, Format Version 12.00
# Visual Studio 2012
Project("{FAE04EC0-301F-11D3-BF4B-00C04F79EFBC}") = "GodotJamTemperature", "GodotJamTemperature.csproj", "{799B1D9B-8C84-411D-883A-2FD04AF0016E}"
EndProject
Global
	GlobalSection(SolutionConfigurationPlatforms) = preSolution
	Debug|Any CPU = Debug|Any CPU
	Release|Any CPU = Release|Any CPU
	Tools|Any CPU = Tools|Any CPU
	EndGlobalSection
	GlobalSection(ProjectConfigurationPlatforms) = postSolution
		{799B1D9B-8C84-411D-883A-2FD04AF0016E}.Debug|Any CPU.ActiveCfg = Debug|Any CPU
		{799B1D9B-8C84-411D-883A-2FD04AF0016E}.Debug|Any CPU.Build.0 = Debug|Any CPU
		{799B1D9B-8C84-411D-883A-2FD04AF0016E}.Release|Any CPU.ActiveCfg = Release|Any CPU
		{799B1D9B-8C84-411D-883A-2FD04AF0016E}.Release|Any CPU.Build.0 = Release|Any CPU
		{799B1D9B-8C84-411D-883A-2FD04AF0016E}.Tools|Any CPU.ActiveCfg = Tools|Any CPU
		{799B1D9B-8C84-411D-883A-2FD04AF0016E}.Tools|Any CPU.Build.0 = Tools|Any CPU
	EndGlobalSection
EndGlobal
